PODS:
  - AppleDevKit/Common (0.0.3)
  - BikeBLEKit (1.0.0)

DEPENDENCIES:
  - AppleDevKit/Common (from `/Users/yves/Project/AppleDevKit`)
  - BikeBLEKit (from `/Users/yves/Project/BLEManager_Mobile_SDK/BikeBLEKit`)

EXTERNAL SOURCES:
  AppleDevKit:
    :path: "/Users/yves/Project/AppleDevKit"
  BikeBLEKit:
    :path: "/Users/yves/Project/BLEManager_Mobile_SDK/BikeBLEKit"

SPEC CHECKSUMS:
  AppleDevKit: 4e30d5febf7ade2aeb585cb8166ccfcd1ad9ba73
  BikeBLEKit: 3638ecda626d68165e1bb6b427a9a2f7ebde3a34

PODFILE CHECKSUM: b09f36297d571ef35da25b19e13907fe9e3f7862

COCOAPODS: 1.11.3
