PODS:
  - AppleDevKit/Common (0.0.4)
  - BikeBLEKit (1.0.0)

DEPENDENCIES:
  - "AppleDevKit/Common (from `git@github.com:FarmlandTech/AppleDevKit.git`, branch `dev`)"
  - "BikeBLEKit (from `git@github.com:FarmlandTech/BLEManager_Mobile_SDK.git`, branch `feature-jeff`)"

EXTERNAL SOURCES:
  AppleDevKit:
    :branch: dev
    :git: "git@github.com:FarmlandTech/AppleDevKit.git"
  BikeBLEKit:
    :branch: feature-jeff
    :git: "git@github.com:FarmlandTech/BLEManager_Mobile_SDK.git"

CHECKOUT OPTIONS:
  AppleDevKit:
    :commit: 965c8eb2b99443c59a8c95a8d56e19e9643a217d
    :git: "git@github.com:FarmlandTech/AppleDevKit.git"
  BikeBLEKit:
    :commit: d92c5b322cec1fc4c082a49fd9aa47639642b706
    :git: "git@github.com:FarmlandTech/BLEManager_Mobile_SDK.git"

SPEC CHECKSUMS:
  AppleDevKit: 9815849c605fa236c094a0bce33bd4464f2dd4aa
  BikeBLEKit: e77878e606dde329ae702198bd272fdf016f8a0a

PODFILE CHECKSUM: b9bc20e09c2aac7adb4ccddcf19ffed8d41f57c3

COCOAPODS: 1.11.3
