// !$*UTF8*$!
{
	archiveVersion = 1;
	classes = {
	};
	objectVersion = 56;
	objects = {

/* Begin PBXBuildFile section */
		4BA30D010E50688D9EFAA571 /* Pods_AppleBLEKit_AppleBLEKitTests.framework in Frameworks */ = {isa = PBXBuildFile; fileRef = F5AE347411D99E66AC01ABE6 /* Pods_AppleBLEKit_AppleBLEKitTests.framework */; };
		8D6ECFEA241F8A27583F2FC0 /* Pods_AppleBLEKit.framework in Frameworks */ = {isa = PBXBuildFile; fileRef = A0E0351D6CC3752E01CD22D2 /* Pods_AppleBLEKit.framework */; };
		A32935212978F68D0096D365 /* AppleBLEKit.docc in Sources */ = {isa = PBXBuildFile; fileRef = A32935202978F68D0096D365 /* AppleBLEKit.docc */; };
		A32935272978F68D0096D365 /* AppleBLEKit.framework in Frameworks */ = {isa = PBXBuildFile; fileRef = A329351C2978F68D0096D365 /* AppleBLEKit.framework */; };
		A329352C2978F68D0096D365 /* AppleBLEKitTests.swift in Sources */ = {isa = PBXBuildFile; fileRef = A329352B2978F68D0096D365 /* AppleBLEKitTests.swift */; };
		A329352D2978F68D0096D365 /* AppleBLEKit.h in Headers */ = {isa = PBXBuildFile; fileRef = A329351F2978F68D0096D365 /* AppleBLEKit.h */; settings = {ATTRIBUTES = (Public, ); }; };
		A32935582978F6A30096D365 /* BluetoothService.swift in Sources */ = {isa = PBXBuildFile; fileRef = A32935372978F6A30096D365 /* BluetoothService.swift */; };
		A32935592978F6A30096D365 /* CoreSdkService.swift in Sources */ = {isa = PBXBuildFile; fileRef = A32935382978F6A30096D365 /* CoreSdkService.swift */; };
		A329355A2978F6A30096D365 /* FL_Logs.mm in Sources */ = {isa = PBXBuildFile; fileRef = A329353B2978F6A30096D365 /* FL_Logs.mm */; };
		A329355B2978F6A30096D365 /* ActionScript.mm in Sources */ = {isa = PBXBuildFile; fileRef = A329353C2978F6A30096D365 /* ActionScript.mm */; };
		A329355C2978F6A30096D365 /* lib_event_scheduler.h in Headers */ = {isa = PBXBuildFile; fileRef = A329353D2978F6A30096D365 /* lib_event_scheduler.h */; };
		A329355D2978F6A30096D365 /* FL_Device_HMI.h in Headers */ = {isa = PBXBuildFile; fileRef = A329353E2978F6A30096D365 /* FL_Device_HMI.h */; };
		A329355E2978F6A30096D365 /* Common.mm in Sources */ = {isa = PBXBuildFile; fileRef = A329353F2978F6A30096D365 /* Common.mm */; };
		A329355F2978F6A30096D365 /* FL_Device_HMI.mm in Sources */ = {isa = PBXBuildFile; fileRef = A32935402978F6A30096D365 /* FL_Device_HMI.mm */; };
		A32935602978F6A30096D365 /* lib_event_scheduler.mm in Sources */ = {isa = PBXBuildFile; fileRef = A32935412978F6A30096D365 /* lib_event_scheduler.mm */; };
		A32935612978F6A30096D365 /* FL_Device_MainBatt.h in Headers */ = {isa = PBXBuildFile; fileRef = A32935422978F6A30096D365 /* FL_Device_MainBatt.h */; };
		A32935622978F6A30096D365 /* CoreSDK.mm in Sources */ = {isa = PBXBuildFile; fileRef = A32935432978F6A30096D365 /* CoreSDK.mm */; };
		A32935632978F6A30096D365 /* lib_fifo_buff.mm in Sources */ = {isa = PBXBuildFile; fileRef = A32935442978F6A30096D365 /* lib_fifo_buff.mm */; };
		A32935642978F6A30096D365 /* FL_Device_MainBatt.mm in Sources */ = {isa = PBXBuildFile; fileRef = A32935452978F6A30096D365 /* FL_Device_MainBatt.mm */; };
		A32935652978F6A30096D365 /* Common.h in Headers */ = {isa = PBXBuildFile; fileRef = A32935462978F6A30096D365 /* Common.h */; };
		A32935662978F6A30096D365 /* FL_Logs.h in Headers */ = {isa = PBXBuildFile; fileRef = A32935472978F6A30096D365 /* FL_Logs.h */; };
		A32935672978F6A30096D365 /* CppTimer.h in Headers */ = {isa = PBXBuildFile; fileRef = A32935482978F6A30096D365 /* CppTimer.h */; };
		A32935682978F6A30096D365 /* FL_CANInfoStruct.h in Headers */ = {isa = PBXBuildFile; fileRef = A32935492978F6A30096D365 /* FL_CANInfoStruct.h */; };
		A32935692978F6A30096D365 /* lib_fifo_buff.h in Headers */ = {isa = PBXBuildFile; fileRef = A329354A2978F6A30096D365 /* lib_fifo_buff.h */; };
		A329356A2978F6A30096D365 /* CAN_ISO_TP.h in Headers */ = {isa = PBXBuildFile; fileRef = A329354B2978F6A30096D365 /* CAN_ISO_TP.h */; };
		A329356B2978F6A30096D365 /* FL_Device_Controller.mm in Sources */ = {isa = PBXBuildFile; fileRef = A329354C2978F6A30096D365 /* FL_Device_Controller.mm */; };
		A329356C2978F6A30096D365 /* FL_CanProtocol.mm in Sources */ = {isa = PBXBuildFile; fileRef = A329354D2978F6A30096D365 /* FL_CanProtocol.mm */; };
		A329356D2978F6A30096D365 /* LogPrinter.h in Headers */ = {isa = PBXBuildFile; fileRef = A329354E2978F6A30096D365 /* LogPrinter.h */; };
		A329356E2978F6A30096D365 /* FL_CANProtocol.h in Headers */ = {isa = PBXBuildFile; fileRef = A329354F2978F6A30096D365 /* FL_CANProtocol.h */; };
		A329356F2978F6A30096D365 /* FL_Device_Controller.h in Headers */ = {isa = PBXBuildFile; fileRef = A32935502978F6A30096D365 /* FL_Device_Controller.h */; };
		A32935702978F6A30096D365 /* UnixTime.mm in Sources */ = {isa = PBXBuildFile; fileRef = A32935512978F6A30096D365 /* UnixTime.mm */; };
		A32935712978F6A30096D365 /* CAN_ISO_TP.mm in Sources */ = {isa = PBXBuildFile; fileRef = A32935522978F6A30096D365 /* CAN_ISO_TP.mm */; };
		A32935722978F6A30096D365 /* LogPrinter.mm in Sources */ = {isa = PBXBuildFile; fileRef = A32935532978F6A30096D365 /* LogPrinter.mm */; };
		A32935732978F6A30096D365 /* CoreSDK.h in Headers */ = {isa = PBXBuildFile; fileRef = A32935542978F6A30096D365 /* CoreSDK.h */; };
		A32935742978F6A30096D365 /* ActionScript.h in Headers */ = {isa = PBXBuildFile; fileRef = A32935552978F6A30096D365 /* ActionScript.h */; };
		A32935752978F6A30096D365 /* UnixTime.h in Headers */ = {isa = PBXBuildFile; fileRef = A32935562978F6A30096D365 /* UnixTime.h */; };
		A34C8BA429876D0B00B36BB2 /* CurrentBleDevice.swift in Sources */ = {isa = PBXBuildFile; fileRef = A34C8BA329876D0B00B36BB2 /* CurrentBleDevice.swift */; };
		A34C8BBE2987BF4700B36BB2 /* Parameter.swift in Sources */ = {isa = PBXBuildFile; fileRef = A34C8BBD2987BF4700B36BB2 /* Parameter.swift */; };
		A34C8BC02987BF5C00B36BB2 /* SearchDevicesViewModel.swift in Sources */ = {isa = PBXBuildFile; fileRef = A34C8BBF2987BF5C00B36BB2 /* SearchDevicesViewModel.swift */; };
		A34C8BC22987BF7000B36BB2 /* BikeInfoVM.swift in Sources */ = {isa = PBXBuildFile; fileRef = A34C8BC12987BF7000B36BB2 /* BikeInfoVM.swift */; };
		A34C8BC42987BFF500B36BB2 /* MainViewModel.swift in Sources */ = {isa = PBXBuildFile; fileRef = A34C8BC32987BFF500B36BB2 /* MainViewModel.swift */; };
		A34C8BC72987C03600B36BB2 /* SMIDData.swift in Sources */ = {isa = PBXBuildFile; fileRef = A34C8BC52987C03600B36BB2 /* SMIDData.swift */; };
		A34C8BC82987C03600B36BB2 /* SSNData.swift in Sources */ = {isa = PBXBuildFile; fileRef = A34C8BC62987C03600B36BB2 /* SSNData.swift */; };
		A34C8BCA2987C05B00B36BB2 /* NetworkManager.swift in Sources */ = {isa = PBXBuildFile; fileRef = A34C8BC92987C05B00B36BB2 /* NetworkManager.swift */; };
		A34C8BCC2987C07900B36BB2 /* BaseResponse.swift in Sources */ = {isa = PBXBuildFile; fileRef = A34C8BCB2987C07900B36BB2 /* BaseResponse.swift */; };
		A3B8EFB72988DEE1002EB6F2 /* FL_Device_HMI.h in Headers */ = {isa = PBXBuildFile; fileRef = A329353E2978F6A30096D365 /* FL_Device_HMI.h */; };
		A3B8EFB82988DEE1002EB6F2 /* CppTimer.h in Headers */ = {isa = PBXBuildFile; fileRef = A32935482978F6A30096D365 /* CppTimer.h */; };
		A3B8EFB92988DEE1002EB6F2 /* AppleBLEKit.h in Headers */ = {isa = PBXBuildFile; fileRef = A329351F2978F68D0096D365 /* AppleBLEKit.h */; settings = {ATTRIBUTES = (Public, ); }; };
		A3B8EFBA2988DEE1002EB6F2 /* UnixTime.h in Headers */ = {isa = PBXBuildFile; fileRef = A32935562978F6A30096D365 /* UnixTime.h */; };
		A3B8EFBB2988DEE1002EB6F2 /* FL_CANProtocol.h in Headers */ = {isa = PBXBuildFile; fileRef = A329354F2978F6A30096D365 /* FL_CANProtocol.h */; };
		A3B8EFBC2988DEE1002EB6F2 /* Common.h in Headers */ = {isa = PBXBuildFile; fileRef = A32935462978F6A30096D365 /* Common.h */; };
		A3B8EFBD2988DEE1002EB6F2 /* ActionScript.h in Headers */ = {isa = PBXBuildFile; fileRef = A32935552978F6A30096D365 /* ActionScript.h */; };
		A3B8EFBE2988DEE1002EB6F2 /* lib_fifo_buff.h in Headers */ = {isa = PBXBuildFile; fileRef = A329354A2978F6A30096D365 /* lib_fifo_buff.h */; };
		A3B8EFBF2988DEE1002EB6F2 /* CoreSDK.h in Headers */ = {isa = PBXBuildFile; fileRef = A32935542978F6A30096D365 /* CoreSDK.h */; };
		A3B8EFC02988DEE1002EB6F2 /* FL_CANInfoStruct.h in Headers */ = {isa = PBXBuildFile; fileRef = A32935492978F6A30096D365 /* FL_CANInfoStruct.h */; };
		A3B8EFC12988DEE1002EB6F2 /* FL_Device_MainBatt.h in Headers */ = {isa = PBXBuildFile; fileRef = A32935422978F6A30096D365 /* FL_Device_MainBatt.h */; };
		A3B8EFC22988DEE1002EB6F2 /* lib_event_scheduler.h in Headers */ = {isa = PBXBuildFile; fileRef = A329353D2978F6A30096D365 /* lib_event_scheduler.h */; };
		A3B8EFC32988DEE1002EB6F2 /* FL_Device_Controller.h in Headers */ = {isa = PBXBuildFile; fileRef = A32935502978F6A30096D365 /* FL_Device_Controller.h */; };
		A3B8EFC42988DEE1002EB6F2 /* LogPrinter.h in Headers */ = {isa = PBXBuildFile; fileRef = A329354E2978F6A30096D365 /* LogPrinter.h */; };
		A3B8EFC52988DEE1002EB6F2 /* FL_Logs.h in Headers */ = {isa = PBXBuildFile; fileRef = A32935472978F6A30096D365 /* FL_Logs.h */; };
		A3B8EFC62988DEE1002EB6F2 /* CAN_ISO_TP.h in Headers */ = {isa = PBXBuildFile; fileRef = A329354B2978F6A30096D365 /* CAN_ISO_TP.h */; };
		A3B8EFC82988DEE1002EB6F2 /* FL_Device_HMI.mm in Sources */ = {isa = PBXBuildFile; fileRef = A32935402978F6A30096D365 /* FL_Device_HMI.mm */; };
		A3B8EFC92988DEE1002EB6F2 /* FL_Logs.mm in Sources */ = {isa = PBXBuildFile; fileRef = A329353B2978F6A30096D365 /* FL_Logs.mm */; };
		A3B8EFCA2988DEE1002EB6F2 /* FL_CanProtocol.mm in Sources */ = {isa = PBXBuildFile; fileRef = A329354D2978F6A30096D365 /* FL_CanProtocol.mm */; };
		A3B8EFCB2988DEE1002EB6F2 /* Parameter.swift in Sources */ = {isa = PBXBuildFile; fileRef = A34C8BBD2987BF4700B36BB2 /* Parameter.swift */; };
		A3B8EFCC2988DEE1002EB6F2 /* BluetoothService.swift in Sources */ = {isa = PBXBuildFile; fileRef = A32935372978F6A30096D365 /* BluetoothService.swift */; };
		A3B8EFCD2988DEE1002EB6F2 /* FL_Device_Controller.mm in Sources */ = {isa = PBXBuildFile; fileRef = A329354C2978F6A30096D365 /* FL_Device_Controller.mm */; };
		A3B8EFCE2988DEE1002EB6F2 /* FL_Device_MainBatt.mm in Sources */ = {isa = PBXBuildFile; fileRef = A32935452978F6A30096D365 /* FL_Device_MainBatt.mm */; };
		A3B8EFCF2988DEE1002EB6F2 /* CoreSdkService.swift in Sources */ = {isa = PBXBuildFile; fileRef = A32935382978F6A30096D365 /* CoreSdkService.swift */; };
		A3B8EFD02988DEE1002EB6F2 /* lib_event_scheduler.mm in Sources */ = {isa = PBXBuildFile; fileRef = A32935412978F6A30096D365 /* lib_event_scheduler.mm */; };
		A3B8EFD12988DEE1002EB6F2 /* SSNData.swift in Sources */ = {isa = PBXBuildFile; fileRef = A34C8BC62987C03600B36BB2 /* SSNData.swift */; };
		A3B8EFD22988DEE1002EB6F2 /* BaseResponse.swift in Sources */ = {isa = PBXBuildFile; fileRef = A34C8BCB2987C07900B36BB2 /* BaseResponse.swift */; };
		A3B8EFD32988DEE1002EB6F2 /* UnixTime.mm in Sources */ = {isa = PBXBuildFile; fileRef = A32935512978F6A30096D365 /* UnixTime.mm */; };
		A3B8EFD42988DEE1002EB6F2 /* SMIDData.swift in Sources */ = {isa = PBXBuildFile; fileRef = A34C8BC52987C03600B36BB2 /* SMIDData.swift */; };
		A3B8EFD52988DEE1002EB6F2 /* NetworkManager.swift in Sources */ = {isa = PBXBuildFile; fileRef = A34C8BC92987C05B00B36BB2 /* NetworkManager.swift */; };
		A3B8EFD62988DEE1002EB6F2 /* CoreSDK.mm in Sources */ = {isa = PBXBuildFile; fileRef = A32935432978F6A30096D365 /* CoreSDK.mm */; };
		A3B8EFD72988DEE1002EB6F2 /* lib_fifo_buff.mm in Sources */ = {isa = PBXBuildFile; fileRef = A32935442978F6A30096D365 /* lib_fifo_buff.mm */; };
		A3B8EFD82988DEE1002EB6F2 /* CurrentBleDevice.swift in Sources */ = {isa = PBXBuildFile; fileRef = A34C8BA329876D0B00B36BB2 /* CurrentBleDevice.swift */; };
		A3B8EFD92988DEE1002EB6F2 /* BikeInfoVM.swift in Sources */ = {isa = PBXBuildFile; fileRef = A34C8BC12987BF7000B36BB2 /* BikeInfoVM.swift */; };
		A3B8EFDA2988DEE1002EB6F2 /* MainViewModel.swift in Sources */ = {isa = PBXBuildFile; fileRef = A34C8BC32987BFF500B36BB2 /* MainViewModel.swift */; };
		A3B8EFDB2988DEE1002EB6F2 /* LogPrinter.mm in Sources */ = {isa = PBXBuildFile; fileRef = A32935532978F6A30096D365 /* LogPrinter.mm */; };
		A3B8EFDC2988DEE1002EB6F2 /* SearchDevicesViewModel.swift in Sources */ = {isa = PBXBuildFile; fileRef = A34C8BBF2987BF5C00B36BB2 /* SearchDevicesViewModel.swift */; };
		A3B8EFDD2988DEE1002EB6F2 /* ActionScript.mm in Sources */ = {isa = PBXBuildFile; fileRef = A329353C2978F6A30096D365 /* ActionScript.mm */; };
		A3B8EFDE2988DEE1002EB6F2 /* Common.mm in Sources */ = {isa = PBXBuildFile; fileRef = A329353F2978F6A30096D365 /* Common.mm */; };
		A3B8EFDF2988DEE1002EB6F2 /* CAN_ISO_TP.mm in Sources */ = {isa = PBXBuildFile; fileRef = A32935522978F6A30096D365 /* CAN_ISO_TP.mm */; };
		A3B8EFE02988DEE1002EB6F2 /* AppleBLEKit.docc in Sources */ = {isa = PBXBuildFile; fileRef = A32935202978F68D0096D365 /* AppleBLEKit.docc */; };
		A3B8EFE22988DEE1002EB6F2 /* Pods_AppleBLEKit.framework in Frameworks */ = {isa = PBXBuildFile; fileRef = A0E0351D6CC3752E01CD22D2 /* Pods_AppleBLEKit.framework */; };
/* End PBXBuildFile section */

/* Begin PBXContainerItemProxy section */
		A32935282978F68D0096D365 /* PBXContainerItemProxy */ = {
			isa = PBXContainerItemProxy;
			containerPortal = A32935132978F68D0096D365 /* Project object */;
			proxyType = 1;
			remoteGlobalIDString = A329351B2978F68D0096D365;
			remoteInfo = AppleBLEKit;
		};
/* End PBXContainerItemProxy section */

/* Begin PBXFileReference section */
		1E46717CD4F249ACA74C6CE5 /* Pods-AppleBLEKit.release.xcconfig */ = {isa = PBXFileReference; includeInIndex = 1; lastKnownFileType = text.xcconfig; name = "Pods-AppleBLEKit.release.xcconfig"; path = "Target Support Files/Pods-AppleBLEKit/Pods-AppleBLEKit.release.xcconfig"; sourceTree = "<group>"; };
		A0E0351D6CC3752E01CD22D2 /* Pods_AppleBLEKit.framework */ = {isa = PBXFileReference; explicitFileType = wrapper.framework; includeInIndex = 0; path = Pods_AppleBLEKit.framework; sourceTree = BUILT_PRODUCTS_DIR; };
		A329351C2978F68D0096D365 /* AppleBLEKit.framework */ = {isa = PBXFileReference; explicitFileType = wrapper.framework; includeInIndex = 0; path = AppleBLEKit.framework; sourceTree = BUILT_PRODUCTS_DIR; };
		A329351F2978F68D0096D365 /* AppleBLEKit.h */ = {isa = PBXFileReference; lastKnownFileType = sourcecode.c.h; path = AppleBLEKit.h; sourceTree = "<group>"; };
		A32935202978F68D0096D365 /* AppleBLEKit.docc */ = {isa = PBXFileReference; lastKnownFileType = folder.documentationcatalog; path = AppleBLEKit.docc; sourceTree = "<group>"; };
		A32935262978F68D0096D365 /* AppleBLEKitTests.xctest */ = {isa = PBXFileReference; explicitFileType = wrapper.cfbundle; includeInIndex = 0; path = AppleBLEKitTests.xctest; sourceTree = BUILT_PRODUCTS_DIR; };
		A329352B2978F68D0096D365 /* AppleBLEKitTests.swift */ = {isa = PBXFileReference; lastKnownFileType = sourcecode.swift; path = AppleBLEKitTests.swift; sourceTree = "<group>"; };
		A32935372978F6A30096D365 /* BluetoothService.swift */ = {isa = PBXFileReference; fileEncoding = 4; lastKnownFileType = sourcecode.swift; path = BluetoothService.swift; sourceTree = "<group>"; };
		A32935382978F6A30096D365 /* CoreSdkService.swift */ = {isa = PBXFileReference; fileEncoding = 4; lastKnownFileType = sourcecode.swift; path = CoreSdkService.swift; sourceTree = "<group>"; };
		A32935392978F6A30096D365 /* AppleBLEKit.modulemap */ = {isa = PBXFileReference; fileEncoding = 4; lastKnownFileType = "sourcecode.module-map"; path = AppleBLEKit.modulemap; sourceTree = "<group>"; };
		A329353B2978F6A30096D365 /* FL_Logs.mm */ = {isa = PBXFileReference; fileEncoding = 4; lastKnownFileType = sourcecode.cpp.objcpp; path = FL_Logs.mm; sourceTree = "<group>"; };
		A329353C2978F6A30096D365 /* ActionScript.mm */ = {isa = PBXFileReference; fileEncoding = 4; lastKnownFileType = sourcecode.cpp.objcpp; path = ActionScript.mm; sourceTree = "<group>"; };
		A329353D2978F6A30096D365 /* lib_event_scheduler.h */ = {isa = PBXFileReference; fileEncoding = 4; lastKnownFileType = sourcecode.c.h; path = lib_event_scheduler.h; sourceTree = "<group>"; };
		A329353E2978F6A30096D365 /* FL_Device_HMI.h */ = {isa = PBXFileReference; fileEncoding = 4; lastKnownFileType = sourcecode.c.h; path = FL_Device_HMI.h; sourceTree = "<group>"; };
		A329353F2978F6A30096D365 /* Common.mm */ = {isa = PBXFileReference; fileEncoding = 4; lastKnownFileType = sourcecode.cpp.objcpp; path = Common.mm; sourceTree = "<group>"; };
		A32935402978F6A30096D365 /* FL_Device_HMI.mm */ = {isa = PBXFileReference; fileEncoding = 4; lastKnownFileType = sourcecode.cpp.objcpp; path = FL_Device_HMI.mm; sourceTree = "<group>"; };
		A32935412978F6A30096D365 /* lib_event_scheduler.mm */ = {isa = PBXFileReference; fileEncoding = 4; lastKnownFileType = sourcecode.cpp.objcpp; path = lib_event_scheduler.mm; sourceTree = "<group>"; };
		A32935422978F6A30096D365 /* FL_Device_MainBatt.h */ = {isa = PBXFileReference; fileEncoding = 4; lastKnownFileType = sourcecode.c.h; path = FL_Device_MainBatt.h; sourceTree = "<group>"; };
		A32935432978F6A30096D365 /* CoreSDK.mm */ = {isa = PBXFileReference; fileEncoding = 4; lastKnownFileType = sourcecode.cpp.objcpp; path = CoreSDK.mm; sourceTree = "<group>"; };
		A32935442978F6A30096D365 /* lib_fifo_buff.mm */ = {isa = PBXFileReference; fileEncoding = 4; lastKnownFileType = sourcecode.cpp.objcpp; path = lib_fifo_buff.mm; sourceTree = "<group>"; };
		A32935452978F6A30096D365 /* FL_Device_MainBatt.mm */ = {isa = PBXFileReference; fileEncoding = 4; lastKnownFileType = sourcecode.cpp.objcpp; path = FL_Device_MainBatt.mm; sourceTree = "<group>"; };
		A32935462978F6A30096D365 /* Common.h */ = {isa = PBXFileReference; fileEncoding = 4; lastKnownFileType = sourcecode.c.h; path = Common.h; sourceTree = "<group>"; };
		A32935472978F6A30096D365 /* FL_Logs.h */ = {isa = PBXFileReference; fileEncoding = 4; lastKnownFileType = sourcecode.c.h; path = FL_Logs.h; sourceTree = "<group>"; };
		A32935482978F6A30096D365 /* CppTimer.h */ = {isa = PBXFileReference; fileEncoding = 4; lastKnownFileType = sourcecode.c.h; path = CppTimer.h; sourceTree = "<group>"; };
		A32935492978F6A30096D365 /* FL_CANInfoStruct.h */ = {isa = PBXFileReference; fileEncoding = 4; lastKnownFileType = sourcecode.c.h; path = FL_CANInfoStruct.h; sourceTree = "<group>"; };
		A329354A2978F6A30096D365 /* lib_fifo_buff.h */ = {isa = PBXFileReference; fileEncoding = 4; lastKnownFileType = sourcecode.c.h; path = lib_fifo_buff.h; sourceTree = "<group>"; };
		A329354B2978F6A30096D365 /* CAN_ISO_TP.h */ = {isa = PBXFileReference; fileEncoding = 4; lastKnownFileType = sourcecode.c.h; path = CAN_ISO_TP.h; sourceTree = "<group>"; };
		A329354C2978F6A30096D365 /* FL_Device_Controller.mm */ = {isa = PBXFileReference; fileEncoding = 4; lastKnownFileType = sourcecode.cpp.objcpp; path = FL_Device_Controller.mm; sourceTree = "<group>"; };
		A329354D2978F6A30096D365 /* FL_CanProtocol.mm */ = {isa = PBXFileReference; fileEncoding = 4; lastKnownFileType = sourcecode.cpp.objcpp; path = FL_CanProtocol.mm; sourceTree = "<group>"; };
		A329354E2978F6A30096D365 /* LogPrinter.h */ = {isa = PBXFileReference; fileEncoding = 4; lastKnownFileType = sourcecode.c.h; path = LogPrinter.h; sourceTree = "<group>"; };
		A329354F2978F6A30096D365 /* FL_CANProtocol.h */ = {isa = PBXFileReference; fileEncoding = 4; lastKnownFileType = sourcecode.c.h; path = FL_CANProtocol.h; sourceTree = "<group>"; };
		A32935502978F6A30096D365 /* FL_Device_Controller.h */ = {isa = PBXFileReference; fileEncoding = 4; lastKnownFileType = sourcecode.c.h; path = FL_Device_Controller.h; sourceTree = "<group>"; };
		A32935512978F6A30096D365 /* UnixTime.mm */ = {isa = PBXFileReference; fileEncoding = 4; lastKnownFileType = sourcecode.cpp.objcpp; path = UnixTime.mm; sourceTree = "<group>"; };
		A32935522978F6A30096D365 /* CAN_ISO_TP.mm */ = {isa = PBXFileReference; fileEncoding = 4; lastKnownFileType = sourcecode.cpp.objcpp; path = CAN_ISO_TP.mm; sourceTree = "<group>"; };
		A32935532978F6A30096D365 /* LogPrinter.mm */ = {isa = PBXFileReference; fileEncoding = 4; lastKnownFileType = sourcecode.cpp.objcpp; path = LogPrinter.mm; sourceTree = "<group>"; };
		A32935542978F6A30096D365 /* CoreSDK.h */ = {isa = PBXFileReference; fileEncoding = 4; lastKnownFileType = sourcecode.c.h; path = CoreSDK.h; sourceTree = "<group>"; };
		A32935552978F6A30096D365 /* ActionScript.h */ = {isa = PBXFileReference; fileEncoding = 4; lastKnownFileType = sourcecode.c.h; path = ActionScript.h; sourceTree = "<group>"; };
		A32935562978F6A30096D365 /* UnixTime.h */ = {isa = PBXFileReference; fileEncoding = 4; lastKnownFileType = sourcecode.c.h; path = UnixTime.h; sourceTree = "<group>"; };
		A34C8BA329876D0B00B36BB2 /* CurrentBleDevice.swift */ = {isa = PBXFileReference; fileEncoding = 4; lastKnownFileType = sourcecode.swift; path = CurrentBleDevice.swift; sourceTree = "<group>"; };
		A34C8BBD2987BF4700B36BB2 /* Parameter.swift */ = {isa = PBXFileReference; fileEncoding = 4; lastKnownFileType = sourcecode.swift; path = Parameter.swift; sourceTree = "<group>"; };
		A34C8BBF2987BF5C00B36BB2 /* SearchDevicesViewModel.swift */ = {isa = PBXFileReference; fileEncoding = 4; lastKnownFileType = sourcecode.swift; path = SearchDevicesViewModel.swift; sourceTree = "<group>"; };
		A34C8BC12987BF7000B36BB2 /* BikeInfoVM.swift */ = {isa = PBXFileReference; fileEncoding = 4; lastKnownFileType = sourcecode.swift; path = BikeInfoVM.swift; sourceTree = "<group>"; };
		A34C8BC32987BFF500B36BB2 /* MainViewModel.swift */ = {isa = PBXFileReference; fileEncoding = 4; lastKnownFileType = sourcecode.swift; path = MainViewModel.swift; sourceTree = "<group>"; };
		A34C8BC52987C03600B36BB2 /* SMIDData.swift */ = {isa = PBXFileReference; fileEncoding = 4; lastKnownFileType = sourcecode.swift; path = SMIDData.swift; sourceTree = "<group>"; };
		A34C8BC62987C03600B36BB2 /* SSNData.swift */ = {isa = PBXFileReference; fileEncoding = 4; lastKnownFileType = sourcecode.swift; path = SSNData.swift; sourceTree = "<group>"; };
		A34C8BC92987C05B00B36BB2 /* NetworkManager.swift */ = {isa = PBXFileReference; fileEncoding = 4; lastKnownFileType = sourcecode.swift; path = NetworkManager.swift; sourceTree = "<group>"; };
		A34C8BCB2987C07900B36BB2 /* BaseResponse.swift */ = {isa = PBXFileReference; fileEncoding = 4; lastKnownFileType = sourcecode.swift; path = BaseResponse.swift; sourceTree = "<group>"; };
		A3B8EFE72988DEE1002EB6F2 /* AppleBLEKit_Simulator.framework */ = {isa = PBXFileReference; explicitFileType = wrapper.framework; includeInIndex = 0; path = AppleBLEKit_Simulator.framework; sourceTree = BUILT_PRODUCTS_DIR; };
		A3B8EFE82988DF5C002EB6F2 /* AppleBLEKit_Simulator.modulemap */ = {isa = PBXFileReference; fileEncoding = 4; lastKnownFileType = "sourcecode.module-map"; path = AppleBLEKit_Simulator.modulemap; sourceTree = "<group>"; };
		A5B50CAB7C1DD75B096B576E /* Pods-AppleBLEKit.debug.xcconfig */ = {isa = PBXFileReference; includeInIndex = 1; lastKnownFileType = text.xcconfig; name = "Pods-AppleBLEKit.debug.xcconfig"; path = "Target Support Files/Pods-AppleBLEKit/Pods-AppleBLEKit.debug.xcconfig"; sourceTree = "<group>"; };
		B535D691ED3FFD72DBCC78EC /* Pods-AppleBLEKit-AppleBLEKitTests.debug.xcconfig */ = {isa = PBXFileReference; includeInIndex = 1; lastKnownFileType = text.xcconfig; name = "Pods-AppleBLEKit-AppleBLEKitTests.debug.xcconfig"; path = "Target Support Files/Pods-AppleBLEKit-AppleBLEKitTests/Pods-AppleBLEKit-AppleBLEKitTests.debug.xcconfig"; sourceTree = "<group>"; };
		E669F3A09233563C0452596A /* Pods-AppleBLEKit-AppleBLEKitTests.release.xcconfig */ = {isa = PBXFileReference; includeInIndex = 1; lastKnownFileType = text.xcconfig; name = "Pods-AppleBLEKit-AppleBLEKitTests.release.xcconfig"; path = "Target Support Files/Pods-AppleBLEKit-AppleBLEKitTests/Pods-AppleBLEKit-AppleBLEKitTests.release.xcconfig"; sourceTree = "<group>"; };
		F5AE347411D99E66AC01ABE6 /* Pods_AppleBLEKit_AppleBLEKitTests.framework */ = {isa = PBXFileReference; explicitFileType = wrapper.framework; includeInIndex = 0; path = Pods_AppleBLEKit_AppleBLEKitTests.framework; sourceTree = BUILT_PRODUCTS_DIR; };
/* End PBXFileReference section */

/* Begin PBXFrameworksBuildPhase section */
		A32935192978F68D0096D365 /* Frameworks */ = {
			isa = PBXFrameworksBuildPhase;
			buildActionMask = 2147483647;
			files = (
				8D6ECFEA241F8A27583F2FC0 /* Pods_AppleBLEKit.framework in Frameworks */,
			);
			runOnlyForDeploymentPostprocessing = 0;
		};
		A32935232978F68D0096D365 /* Frameworks */ = {
			isa = PBXFrameworksBuildPhase;
			buildActionMask = 2147483647;
			files = (
				A32935272978F68D0096D365 /* AppleBLEKit.framework in Frameworks */,
				4BA30D010E50688D9EFAA571 /* Pods_AppleBLEKit_AppleBLEKitTests.framework in Frameworks */,
			);
			runOnlyForDeploymentPostprocessing = 0;
		};
		A3B8EFE12988DEE1002EB6F2 /* Frameworks */ = {
			isa = PBXFrameworksBuildPhase;
			buildActionMask = 2147483647;
			files = (
				A3B8EFE22988DEE1002EB6F2 /* Pods_AppleBLEKit.framework in Frameworks */,
			);
			runOnlyForDeploymentPostprocessing = 0;
		};
/* End PBXFrameworksBuildPhase section */

/* Begin PBXGroup section */
		A32935122978F68D0096D365 = {
			isa = PBXGroup;
			children = (
				A329351E2978F68D0096D365 /* AppleBLEKit */,
				A329352A2978F68D0096D365 /* AppleBLEKitTests */,
				A329351D2978F68D0096D365 /* Products */,
				FCD32AFF0FA66AAAF9DD6C34 /* Pods */,
				F395BA6DF1F2B583F5790757 /* Frameworks */,
			);
			sourceTree = "<group>";
		};
		A329351D2978F68D0096D365 /* Products */ = {
			isa = PBXGroup;
			children = (
				A329351C2978F68D0096D365 /* AppleBLEKit.framework */,
				A32935262978F68D0096D365 /* AppleBLEKitTests.xctest */,
				A3B8EFE72988DEE1002EB6F2 /* AppleBLEKit_Simulator.framework */,
			);
			name = Products;
			sourceTree = "<group>";
		};
		A329351E2978F68D0096D365 /* AppleBLEKit */ = {
			isa = PBXGroup;
			children = (
				A329353A2978F6A30096D365 /* Core_SDK */,
				A32935362978F6A30096D365 /* Services */,
				A34C8BB02987B2C200B36BB2 /* Model */,
				A329351F2978F68D0096D365 /* AppleBLEKit.h */,
				A32935392978F6A30096D365 /* AppleBLEKit.modulemap */,
				A3B8EFE82988DF5C002EB6F2 /* AppleBLEKit_Simulator.modulemap */,
				A32935202978F68D0096D365 /* AppleBLEKit.docc */,
			);
			path = AppleBLEKit;
			sourceTree = "<group>";
		};
		A329352A2978F68D0096D365 /* AppleBLEKitTests */ = {
			isa = PBXGroup;
			children = (
				A329352B2978F68D0096D365 /* AppleBLEKitTests.swift */,
			);
			path = AppleBLEKitTests;
			sourceTree = "<group>";
		};
		A32935362978F6A30096D365 /* Services */ = {
			isa = PBXGroup;
			children = (
				A32935372978F6A30096D365 /* BluetoothService.swift */,
				A32935382978F6A30096D365 /* CoreSdkService.swift */,
			);
			path = Services;
			sourceTree = "<group>";
		};
		A329353A2978F6A30096D365 /* Core_SDK */ = {
			isa = PBXGroup;
			children = (
				A329353B2978F6A30096D365 /* FL_Logs.mm */,
				A329353C2978F6A30096D365 /* ActionScript.mm */,
				A329353D2978F6A30096D365 /* lib_event_scheduler.h */,
				A329353E2978F6A30096D365 /* FL_Device_HMI.h */,
				A329353F2978F6A30096D365 /* Common.mm */,
				A32935402978F6A30096D365 /* FL_Device_HMI.mm */,
				A32935412978F6A30096D365 /* lib_event_scheduler.mm */,
				A32935422978F6A30096D365 /* FL_Device_MainBatt.h */,
				A32935432978F6A30096D365 /* CoreSDK.mm */,
				A32935442978F6A30096D365 /* lib_fifo_buff.mm */,
				A32935452978F6A30096D365 /* FL_Device_MainBatt.mm */,
				A32935462978F6A30096D365 /* Common.h */,
				A32935472978F6A30096D365 /* FL_Logs.h */,
				A32935482978F6A30096D365 /* CppTimer.h */,
				A32935492978F6A30096D365 /* FL_CANInfoStruct.h */,
				A329354A2978F6A30096D365 /* lib_fifo_buff.h */,
				A329354B2978F6A30096D365 /* CAN_ISO_TP.h */,
				A329354C2978F6A30096D365 /* FL_Device_Controller.mm */,
				A329354D2978F6A30096D365 /* FL_CanProtocol.mm */,
				A329354E2978F6A30096D365 /* LogPrinter.h */,
				A329354F2978F6A30096D365 /* FL_CANProtocol.h */,
				A32935502978F6A30096D365 /* FL_Device_Controller.h */,
				A32935512978F6A30096D365 /* UnixTime.mm */,
				A32935522978F6A30096D365 /* CAN_ISO_TP.mm */,
				A32935532978F6A30096D365 /* LogPrinter.mm */,
				A32935542978F6A30096D365 /* CoreSDK.h */,
				A32935552978F6A30096D365 /* ActionScript.h */,
				A32935562978F6A30096D365 /* UnixTime.h */,
			);
			path = Core_SDK;
			sourceTree = "<group>";
		};
		A34C8BB02987B2C200B36BB2 /* Model */ = {
			isa = PBXGroup;
			children = (
				A34C8BA329876D0B00B36BB2 /* CurrentBleDevice.swift */,
				A34C8BBD2987BF4700B36BB2 /* Parameter.swift */,
				A34C8BC92987C05B00B36BB2 /* NetworkManager.swift */,
				A34C8BCB2987C07900B36BB2 /* BaseResponse.swift */,
				A34C8BC32987BFF500B36BB2 /* MainViewModel.swift */,
				A34C8BC52987C03600B36BB2 /* SMIDData.swift */,
				A34C8BC62987C03600B36BB2 /* SSNData.swift */,
				A34C8BBF2987BF5C00B36BB2 /* SearchDevicesViewModel.swift */,
				A34C8BC12987BF7000B36BB2 /* BikeInfoVM.swift */,
			);
			path = Model;
			sourceTree = "<group>";
		};
		F395BA6DF1F2B583F5790757 /* Frameworks */ = {
			isa = PBXGroup;
			children = (
				A0E0351D6CC3752E01CD22D2 /* Pods_AppleBLEKit.framework */,
				F5AE347411D99E66AC01ABE6 /* Pods_AppleBLEKit_AppleBLEKitTests.framework */,
			);
			name = Frameworks;
			sourceTree = "<group>";
		};
		FCD32AFF0FA66AAAF9DD6C34 /* Pods */ = {
			isa = PBXGroup;
			children = (
				A5B50CAB7C1DD75B096B576E /* Pods-AppleBLEKit.debug.xcconfig */,
				1E46717CD4F249ACA74C6CE5 /* Pods-AppleBLEKit.release.xcconfig */,
				B535D691ED3FFD72DBCC78EC /* Pods-AppleBLEKit-AppleBLEKitTests.debug.xcconfig */,
				E669F3A09233563C0452596A /* Pods-AppleBLEKit-AppleBLEKitTests.release.xcconfig */,
			);
			path = Pods;
			sourceTree = "<group>";
		};
/* End PBXGroup section */

/* Begin PBXHeadersBuildPhase section */
		A32935172978F68D0096D365 /* Headers */ = {
			isa = PBXHeadersBuildPhase;
			buildActionMask = 2147483647;
			files = (
				A329355D2978F6A30096D365 /* FL_Device_HMI.h in Headers */,
				A32935672978F6A30096D365 /* CppTimer.h in Headers */,
				A329352D2978F68D0096D365 /* AppleBLEKit.h in Headers */,
				A32935752978F6A30096D365 /* UnixTime.h in Headers */,
				A329356E2978F6A30096D365 /* FL_CANProtocol.h in Headers */,
				A32935652978F6A30096D365 /* Common.h in Headers */,
				A32935742978F6A30096D365 /* ActionScript.h in Headers */,
				A32935692978F6A30096D365 /* lib_fifo_buff.h in Headers */,
				A32935732978F6A30096D365 /* CoreSDK.h in Headers */,
				A32935682978F6A30096D365 /* FL_CANInfoStruct.h in Headers */,
				A32935612978F6A30096D365 /* FL_Device_MainBatt.h in Headers */,
				A329355C2978F6A30096D365 /* lib_event_scheduler.h in Headers */,
				A329356F2978F6A30096D365 /* FL_Device_Controller.h in Headers */,
				A329356D2978F6A30096D365 /* LogPrinter.h in Headers */,
				A32935662978F6A30096D365 /* FL_Logs.h in Headers */,
				A329356A2978F6A30096D365 /* CAN_ISO_TP.h in Headers */,
			);
			runOnlyForDeploymentPostprocessing = 0;
		};
		A3B8EFB62988DEE1002EB6F2 /* Headers */ = {
			isa = PBXHeadersBuildPhase;
			buildActionMask = 2147483647;
			files = (
				A3B8EFB72988DEE1002EB6F2 /* FL_Device_HMI.h in Headers */,
				A3B8EFB82988DEE1002EB6F2 /* CppTimer.h in Headers */,
				A3B8EFB92988DEE1002EB6F2 /* AppleBLEKit.h in Headers */,
				A3B8EFBA2988DEE1002EB6F2 /* UnixTime.h in Headers */,
				A3B8EFBB2988DEE1002EB6F2 /* FL_CANProtocol.h in Headers */,
				A3B8EFBC2988DEE1002EB6F2 /* Common.h in Headers */,
				A3B8EFBD2988DEE1002EB6F2 /* ActionScript.h in Headers */,
				A3B8EFBE2988DEE1002EB6F2 /* lib_fifo_buff.h in Headers */,
				A3B8EFBF2988DEE1002EB6F2 /* CoreSDK.h in Headers */,
				A3B8EFC02988DEE1002EB6F2 /* FL_CANInfoStruct.h in Headers */,
				A3B8EFC12988DEE1002EB6F2 /* FL_Device_MainBatt.h in Headers */,
				A3B8EFC22988DEE1002EB6F2 /* lib_event_scheduler.h in Headers */,
				A3B8EFC32988DEE1002EB6F2 /* FL_Device_Controller.h in Headers */,
				A3B8EFC42988DEE1002EB6F2 /* LogPrinter.h in Headers */,
				A3B8EFC52988DEE1002EB6F2 /* FL_Logs.h in Headers */,
				A3B8EFC62988DEE1002EB6F2 /* CAN_ISO_TP.h in Headers */,
			);
			runOnlyForDeploymentPostprocessing = 0;
		};
/* End PBXHeadersBuildPhase section */

/* Begin PBXNativeTarget section */
		A329351B2978F68D0096D365 /* AppleBLEKit */ = {
			isa = PBXNativeTarget;
			buildConfigurationList = A32935302978F68D0096D365 /* Build configuration list for PBXNativeTarget "AppleBLEKit" */;
			buildPhases = (
				3CCD173B655D74640669288A /* [CP] Check Pods Manifest.lock */,
				A32935172978F68D0096D365 /* Headers */,
				A32935182978F68D0096D365 /* Sources */,
				A32935192978F68D0096D365 /* Frameworks */,
				A329351A2978F68D0096D365 /* Resources */,
			);
			buildRules = (
			);
			dependencies = (
			);
			name = AppleBLEKit;
			productName = AppleBLEKit;
			productReference = A329351C2978F68D0096D365 /* AppleBLEKit.framework */;
			productType = "com.apple.product-type.framework";
		};
		A32935252978F68D0096D365 /* AppleBLEKitTests */ = {
			isa = PBXNativeTarget;
			buildConfigurationList = A32935332978F68D0096D365 /* Build configuration list for PBXNativeTarget "AppleBLEKitTests" */;
			buildPhases = (
				9BDE954B7CDAB15F19901C51 /* [CP] Check Pods Manifest.lock */,
				A32935222978F68D0096D365 /* Sources */,
				A32935232978F68D0096D365 /* Frameworks */,
				A32935242978F68D0096D365 /* Resources */,
				15C1DDD073B9E5618BBC50FE /* [CP] Embed Pods Frameworks */,
			);
			buildRules = (
			);
			dependencies = (
				A32935292978F68D0096D365 /* PBXTargetDependency */,
			);
			name = AppleBLEKitTests;
			productName = AppleBLEKitTests;
			productReference = A32935262978F68D0096D365 /* AppleBLEKitTests.xctest */;
			productType = "com.apple.product-type.bundle.unit-test";
		};
		A3B8EFB42988DEE1002EB6F2 /* AppleBLEKit_Simulator */ = {
			isa = PBXNativeTarget;
			buildConfigurationList = A3B8EFE42988DEE1002EB6F2 /* Build configuration list for PBXNativeTarget "AppleBLEKit_Simulator" */;
			buildPhases = (
				A3B8EFB52988DEE1002EB6F2 /* [CP] Check Pods Manifest.lock */,
				A3B8EFB62988DEE1002EB6F2 /* Headers */,
				A3B8EFC72988DEE1002EB6F2 /* Sources */,
				A3B8EFE12988DEE1002EB6F2 /* Frameworks */,
				A3B8EFE32988DEE1002EB6F2 /* Resources */,
			);
			buildRules = (
			);
			dependencies = (
			);
			name = AppleBLEKit_Simulator;
			productName = AppleBLEKit;
			productReference = A3B8EFE72988DEE1002EB6F2 /* AppleBLEKit_Simulator.framework */;
			productType = "com.apple.product-type.framework";
		};
/* End PBXNativeTarget section */

/* Begin PBXProject section */
		A32935132978F68D0096D365 /* Project object */ = {
			isa = PBXProject;
			attributes = {
				BuildIndependentTargetsInParallel = 1;
				LastSwiftUpdateCheck = 1410;
				LastUpgradeCheck = 1410;
				TargetAttributes = {
					A329351B2978F68D0096D365 = {
						CreatedOnToolsVersion = 14.1;
					};
					A32935252978F68D0096D365 = {
						CreatedOnToolsVersion = 14.1;
					};
				};
			};
			buildConfigurationList = A32935162978F68D0096D365 /* Build configuration list for PBXProject "AppleBLEKit" */;
			compatibilityVersion = "Xcode 14.0";
			developmentRegion = en;
			hasScannedForEncodings = 0;
			knownRegions = (
				en,
				Base,
			);
			mainGroup = A32935122978F68D0096D365;
			productRefGroup = A329351D2978F68D0096D365 /* Products */;
			projectDirPath = "";
			projectRoot = "";
			targets = (
				A329351B2978F68D0096D365 /* AppleBLEKit */,
				A3B8EFB42988DEE1002EB6F2 /* AppleBLEKit_Simulator */,
				A32935252978F68D0096D365 /* AppleBLEKitTests */,
			);
		};
/* End PBXProject section */

/* Begin PBXResourcesBuildPhase section */
		A329351A2978F68D0096D365 /* Resources */ = {
			isa = PBXResourcesBuildPhase;
			buildActionMask = 2147483647;
			files = (
			);
			runOnlyForDeploymentPostprocessing = 0;
		};
		A32935242978F68D0096D365 /* Resources */ = {
			isa = PBXResourcesBuildPhase;
			buildActionMask = 2147483647;
			files = (
			);
			runOnlyForDeploymentPostprocessing = 0;
		};
		A3B8EFE32988DEE1002EB6F2 /* Resources */ = {
			isa = PBXResourcesBuildPhase;
			buildActionMask = 2147483647;
			files = (
			);
			runOnlyForDeploymentPostprocessing = 0;
		};
/* End PBXResourcesBuildPhase section */

/* Begin PBXShellScriptBuildPhase section */
		15C1DDD073B9E5618BBC50FE /* [CP] Embed Pods Frameworks */ = {
			isa = PBXShellScriptBuildPhase;
			buildActionMask = 2147483647;
			files = (
			);
			inputFileListPaths = (
				"${PODS_ROOT}/Target Support Files/Pods-AppleBLEKit-AppleBLEKitTests/Pods-AppleBLEKit-AppleBLEKitTests-frameworks-${CONFIGURATION}-input-files.xcfilelist",
			);
			name = "[CP] Embed Pods Frameworks";
			outputFileListPaths = (
				"${PODS_ROOT}/Target Support Files/Pods-AppleBLEKit-AppleBLEKitTests/Pods-AppleBLEKit-AppleBLEKitTests-frameworks-${CONFIGURATION}-output-files.xcfilelist",
			);
			runOnlyForDeploymentPostprocessing = 0;
			shellPath = /bin/sh;
			shellScript = "\"${PODS_ROOT}/Target Support Files/Pods-AppleBLEKit-AppleBLEKitTests/Pods-AppleBLEKit-AppleBLEKitTests-frameworks.sh\"\n";
			showEnvVarsInLog = 0;
		};
		3CCD173B655D74640669288A /* [CP] Check Pods Manifest.lock */ = {
			isa = PBXShellScriptBuildPhase;
			buildActionMask = 2147483647;
			files = (
			);
			inputFileListPaths = (
			);
			inputPaths = (
				"${PODS_PODFILE_DIR_PATH}/Podfile.lock",
				"${PODS_ROOT}/Manifest.lock",
			);
			name = "[CP] Check Pods Manifest.lock";
			outputFileListPaths = (
			);
			outputPaths = (
				"$(DERIVED_FILE_DIR)/Pods-AppleBLEKit-checkManifestLockResult.txt",
			);
			runOnlyForDeploymentPostprocessing = 0;
			shellPath = /bin/sh;
			shellScript = "diff \"${PODS_PODFILE_DIR_PATH}/Podfile.lock\" \"${PODS_ROOT}/Manifest.lock\" > /dev/null\nif [ $? != 0 ] ; then\n    # print error to STDERR\n    echo \"error: The sandbox is not in sync with the Podfile.lock. Run 'pod install' or update your CocoaPods installation.\" >&2\n    exit 1\nfi\n# This output is used by Xcode 'outputs' to avoid re-running this script phase.\necho \"SUCCESS\" > \"${SCRIPT_OUTPUT_FILE_0}\"\n";
			showEnvVarsInLog = 0;
		};
		9BDE954B7CDAB15F19901C51 /* [CP] Check Pods Manifest.lock */ = {
			isa = PBXShellScriptBuildPhase;
			buildActionMask = 2147483647;
			files = (
			);
			inputFileListPaths = (
			);
			inputPaths = (
				"${PODS_PODFILE_DIR_PATH}/Podfile.lock",
				"${PODS_ROOT}/Manifest.lock",
			);
			name = "[CP] Check Pods Manifest.lock";
			outputFileListPaths = (
			);
			outputPaths = (
				"$(DERIVED_FILE_DIR)/Pods-AppleBLEKit-AppleBLEKitTests-checkManifestLockResult.txt",
			);
			runOnlyForDeploymentPostprocessing = 0;
			shellPath = /bin/sh;
			shellScript = "diff \"${PODS_PODFILE_DIR_PATH}/Podfile.lock\" \"${PODS_ROOT}/Manifest.lock\" > /dev/null\nif [ $? != 0 ] ; then\n    # print error to STDERR\n    echo \"error: The sandbox is not in sync with the Podfile.lock. Run 'pod install' or update your CocoaPods installation.\" >&2\n    exit 1\nfi\n# This output is used by Xcode 'outputs' to avoid re-running this script phase.\necho \"SUCCESS\" > \"${SCRIPT_OUTPUT_FILE_0}\"\n";
			showEnvVarsInLog = 0;
		};
		A3B8EFB52988DEE1002EB6F2 /* [CP] Check Pods Manifest.lock */ = {
			isa = PBXShellScriptBuildPhase;
			buildActionMask = 2147483647;
			files = (
			);
			inputFileListPaths = (
			);
			inputPaths = (
				"${PODS_PODFILE_DIR_PATH}/Podfile.lock",
				"${PODS_ROOT}/Manifest.lock",
			);
			name = "[CP] Check Pods Manifest.lock";
			outputFileListPaths = (
			);
			outputPaths = (
				"$(DERIVED_FILE_DIR)/Pods-AppleBLEKit-checkManifestLockResult.txt",
			);
			runOnlyForDeploymentPostprocessing = 0;
			shellPath = /bin/sh;
			shellScript = "diff \"${PODS_PODFILE_DIR_PATH}/Podfile.lock\" \"${PODS_ROOT}/Manifest.lock\" > /dev/null\nif [ $? != 0 ] ; then\n    # print error to STDERR\n    echo \"error: The sandbox is not in sync with the Podfile.lock. Run 'pod install' or update your CocoaPods installation.\" >&2\n    exit 1\nfi\n# This output is used by Xcode 'outputs' to avoid re-running this script phase.\necho \"SUCCESS\" > \"${SCRIPT_OUTPUT_FILE_0}\"\n";
			showEnvVarsInLog = 0;
		};
/* End PBXShellScriptBuildPhase section */

/* Begin PBXSourcesBuildPhase section */
		A32935182978F68D0096D365 /* Sources */ = {
			isa = PBXSourcesBuildPhase;
			buildActionMask = 2147483647;
			files = (
				A329355F2978F6A30096D365 /* FL_Device_HMI.mm in Sources */,
				A329355A2978F6A30096D365 /* FL_Logs.mm in Sources */,
				A329356C2978F6A30096D365 /* FL_CanProtocol.mm in Sources */,
				A34C8BBE2987BF4700B36BB2 /* Parameter.swift in Sources */,
				A32935582978F6A30096D365 /* BluetoothService.swift in Sources */,
				A329356B2978F6A30096D365 /* FL_Device_Controller.mm in Sources */,
				A32935642978F6A30096D365 /* FL_Device_MainBatt.mm in Sources */,
				A32935592978F6A30096D365 /* CoreSdkService.swift in Sources */,
				A32935602978F6A30096D365 /* lib_event_scheduler.mm in Sources */,
				A34C8BC82987C03600B36BB2 /* SSNData.swift in Sources */,
				A34C8BCC2987C07900B36BB2 /* BaseResponse.swift in Sources */,
				A32935702978F6A30096D365 /* UnixTime.mm in Sources */,
				A34C8BC72987C03600B36BB2 /* SMIDData.swift in Sources */,
				A34C8BCA2987C05B00B36BB2 /* NetworkManager.swift in Sources */,
				A32935622978F6A30096D365 /* CoreSDK.mm in Sources */,
				A32935632978F6A30096D365 /* lib_fifo_buff.mm in Sources */,
				A34C8BA429876D0B00B36BB2 /* CurrentBleDevice.swift in Sources */,
				A34C8BC22987BF7000B36BB2 /* BikeInfoVM.swift in Sources */,
				A34C8BC42987BFF500B36BB2 /* MainViewModel.swift in Sources */,
				A32935722978F6A30096D365 /* LogPrinter.mm in Sources */,
				A34C8BC02987BF5C00B36BB2 /* SearchDevicesViewModel.swift in Sources */,
				A329355B2978F6A30096D365 /* ActionScript.mm in Sources */,
				A329355E2978F6A30096D365 /* Common.mm in Sources */,
				A32935712978F6A30096D365 /* CAN_ISO_TP.mm in Sources */,
				A32935212978F68D0096D365 /* AppleBLEKit.docc in Sources */,
			);
			runOnlyForDeploymentPostprocessing = 0;
		};
		A32935222978F68D0096D365 /* Sources */ = {
			isa = PBXSourcesBuildPhase;
			buildActionMask = 2147483647;
			files = (
				A329352C2978F68D0096D365 /* AppleBLEKitTests.swift in Sources */,
			);
			runOnlyForDeploymentPostprocessing = 0;
		};
		A3B8EFC72988DEE1002EB6F2 /* Sources */ = {
			isa = PBXSourcesBuildPhase;
			buildActionMask = 2147483647;
			files = (
				A3B8EFC82988DEE1002EB6F2 /* FL_Device_HMI.mm in Sources */,
				A3B8EFC92988DEE1002EB6F2 /* FL_Logs.mm in Sources */,
				A3B8EFCA2988DEE1002EB6F2 /* FL_CanProtocol.mm in Sources */,
				A3B8EFCB2988DEE1002EB6F2 /* Parameter.swift in Sources */,
				A3B8EFCC2988DEE1002EB6F2 /* BluetoothService.swift in Sources */,
				A3B8EFCD2988DEE1002EB6F2 /* FL_Device_Controller.mm in Sources */,
				A3B8EFCE2988DEE1002EB6F2 /* FL_Device_MainBatt.mm in Sources */,
				A3B8EFCF2988DEE1002EB6F2 /* CoreSdkService.swift in Sources */,
				A3B8EFD02988DEE1002EB6F2 /* lib_event_scheduler.mm in Sources */,
				A3B8EFD12988DEE1002EB6F2 /* SSNData.swift in Sources */,
				A3B8EFD22988DEE1002EB6F2 /* BaseResponse.swift in Sources */,
				A3B8EFD32988DEE1002EB6F2 /* UnixTime.mm in Sources */,
				A3B8EFD42988DEE1002EB6F2 /* SMIDData.swift in Sources */,
				A3B8EFD52988DEE1002EB6F2 /* NetworkManager.swift in Sources */,
				A3B8EFD62988DEE1002EB6F2 /* CoreSDK.mm in Sources */,
				A3B8EFD72988DEE1002EB6F2 /* lib_fifo_buff.mm in Sources */,
				A3B8EFD82988DEE1002EB6F2 /* CurrentBleDevice.swift in Sources */,
				A3B8EFD92988DEE1002EB6F2 /* BikeInfoVM.swift in Sources */,
				A3B8EFDA2988DEE1002EB6F2 /* MainViewModel.swift in Sources */,
				A3B8EFDB2988DEE1002EB6F2 /* LogPrinter.mm in Sources */,
				A3B8EFDC2988DEE1002EB6F2 /* SearchDevicesViewModel.swift in Sources */,
				A3B8EFDD2988DEE1002EB6F2 /* ActionScript.mm in Sources */,
				A3B8EFDE2988DEE1002EB6F2 /* Common.mm in Sources */,
				A3B8EFDF2988DEE1002EB6F2 /* CAN_ISO_TP.mm in Sources */,
				A3B8EFE02988DEE1002EB6F2 /* AppleBLEKit.docc in Sources */,
			);
			runOnlyForDeploymentPostprocessing = 0;
		};
/* End PBXSourcesBuildPhase section */

/* Begin PBXTargetDependency section */
		A32935292978F68D0096D365 /* PBXTargetDependency */ = {
			isa = PBXTargetDependency;
			target = A329351B2978F68D0096D365 /* AppleBLEKit */;
			targetProxy = A32935282978F68D0096D365 /* PBXContainerItemProxy */;
		};
/* End PBXTargetDependency section */

/* Begin XCBuildConfiguration section */
		A329352E2978F68D0096D365 /* Debug */ = {
			isa = XCBuildConfiguration;
			buildSettings = {
				ALWAYS_SEARCH_USER_PATHS = NO;
				CLANG_ANALYZER_NONNULL = YES;
				CLANG_ANALYZER_NUMBER_OBJECT_CONVERSION = YES_AGGRESSIVE;
				CLANG_CXX_LANGUAGE_STANDARD = "gnu++20";
				CLANG_ENABLE_MODULES = YES;
				CLANG_ENABLE_OBJC_ARC = YES;
				CLANG_ENABLE_OBJC_WEAK = YES;
				CLANG_WARN_BLOCK_CAPTURE_AUTORELEASING = YES;
				CLANG_WARN_BOOL_CONVERSION = YES;
				CLANG_WARN_COMMA = YES;
				CLANG_WARN_CONSTANT_CONVERSION = YES;
				CLANG_WARN_DEPRECATED_OBJC_IMPLEMENTATIONS = YES;
				CLANG_WARN_DIRECT_OBJC_ISA_USAGE = YES_ERROR;
				CLANG_WARN_DOCUMENTATION_COMMENTS = YES;
				CLANG_WARN_EMPTY_BODY = YES;
				CLANG_WARN_ENUM_CONVERSION = YES;
				CLANG_WARN_INFINITE_RECURSION = YES;
				CLANG_WARN_INT_CONVERSION = YES;
				CLANG_WARN_NON_LITERAL_NULL_CONVERSION = YES;
				CLANG_WARN_OBJC_IMPLICIT_RETAIN_SELF = YES;
				CLANG_WARN_OBJC_LITERAL_CONVERSION = YES;
				CLANG_WARN_OBJC_ROOT_CLASS = YES_ERROR;
				CLANG_WARN_QUOTED_INCLUDE_IN_FRAMEWORK_HEADER = YES;
				CLANG_WARN_RANGE_LOOP_ANALYSIS = YES;
				CLANG_WARN_STRICT_PROTOTYPES = YES;
				CLANG_WARN_SUSPICIOUS_MOVE = YES;
				CLANG_WARN_UNGUARDED_AVAILABILITY = YES_AGGRESSIVE;
				CLANG_WARN_UNREACHABLE_CODE = YES;
				CLANG_WARN__DUPLICATE_METHOD_MATCH = YES;
				COPY_PHASE_STRIP = NO;
				CURRENT_PROJECT_VERSION = 1;
				DEBUG_INFORMATION_FORMAT = dwarf;
				ENABLE_STRICT_OBJC_MSGSEND = YES;
				ENABLE_TESTABILITY = YES;
				GCC_C_LANGUAGE_STANDARD = gnu11;
				GCC_DYNAMIC_NO_PIC = NO;
				GCC_NO_COMMON_BLOCKS = YES;
				GCC_OPTIMIZATION_LEVEL = 0;
				GCC_PREPROCESSOR_DEFINITIONS = (
					"DEBUG=1",
					"$(inherited)",
				);
				GCC_WARN_64_TO_32_BIT_CONVERSION = YES;
				GCC_WARN_ABOUT_RETURN_TYPE = YES_ERROR;
				GCC_WARN_UNDECLARED_SELECTOR = YES;
				GCC_WARN_UNINITIALIZED_AUTOS = YES_AGGRESSIVE;
				GCC_WARN_UNUSED_FUNCTION = YES;
				GCC_WARN_UNUSED_VARIABLE = YES;
				MTL_ENABLE_DEBUG_INFO = INCLUDE_SOURCE;
				MTL_FAST_MATH = YES;
				ONLY_ACTIVE_ARCH = YES;
				SWIFT_ACTIVE_COMPILATION_CONDITIONS = DEBUG;
				SWIFT_OPTIMIZATION_LEVEL = "-Onone";
				VERSIONING_SYSTEM = "apple-generic";
				VERSION_INFO_PREFIX = "";
			};
			name = Debug;
		};
		A329352F2978F68D0096D365 /* Release */ = {
			isa = XCBuildConfiguration;
			buildSettings = {
				ALWAYS_SEARCH_USER_PATHS = NO;
				CLANG_ANALYZER_NONNULL = YES;
				CLANG_ANALYZER_NUMBER_OBJECT_CONVERSION = YES_AGGRESSIVE;
				CLANG_CXX_LANGUAGE_STANDARD = "gnu++20";
				CLANG_ENABLE_MODULES = YES;
				CLANG_ENABLE_OBJC_ARC = YES;
				CLANG_ENABLE_OBJC_WEAK = YES;
				CLANG_WARN_BLOCK_CAPTURE_AUTORELEASING = YES;
				CLANG_WARN_BOOL_CONVERSION = YES;
				CLANG_WARN_COMMA = YES;
				CLANG_WARN_CONSTANT_CONVERSION = YES;
				CLANG_WARN_DEPRECATED_OBJC_IMPLEMENTATIONS = YES;
				CLANG_WARN_DIRECT_OBJC_ISA_USAGE = YES_ERROR;
				CLANG_WARN_DOCUMENTATION_COMMENTS = YES;
				CLANG_WARN_EMPTY_BODY = YES;
				CLANG_WARN_ENUM_CONVERSION = YES;
				CLANG_WARN_INFINITE_RECURSION = YES;
				CLANG_WARN_INT_CONVERSION = YES;
				CLANG_WARN_NON_LITERAL_NULL_CONVERSION = YES;
				CLANG_WARN_OBJC_IMPLICIT_RETAIN_SELF = YES;
				CLANG_WARN_OBJC_LITERAL_CONVERSION = YES;
				CLANG_WARN_OBJC_ROOT_CLASS = YES_ERROR;
				CLANG_WARN_QUOTED_INCLUDE_IN_FRAMEWORK_HEADER = YES;
				CLANG_WARN_RANGE_LOOP_ANALYSIS = YES;
				CLANG_WARN_STRICT_PROTOTYPES = YES;
				CLANG_WARN_SUSPICIOUS_MOVE = YES;
				CLANG_WARN_UNGUARDED_AVAILABILITY = YES_AGGRESSIVE;
				CLANG_WARN_UNREACHABLE_CODE = YES;
				CLANG_WARN__DUPLICATE_METHOD_MATCH = YES;
				COPY_PHASE_STRIP = NO;
				CURRENT_PROJECT_VERSION = 1;
				DEBUG_INFORMATION_FORMAT = "dwarf-with-dsym";
				ENABLE_NS_ASSERTIONS = NO;
				ENABLE_STRICT_OBJC_MSGSEND = YES;
				GCC_C_LANGUAGE_STANDARD = gnu11;
				GCC_NO_COMMON_BLOCKS = YES;
				GCC_WARN_64_TO_32_BIT_CONVERSION = YES;
				GCC_WARN_ABOUT_RETURN_TYPE = YES_ERROR;
				GCC_WARN_UNDECLARED_SELECTOR = YES;
				GCC_WARN_UNINITIALIZED_AUTOS = YES_AGGRESSIVE;
				GCC_WARN_UNUSED_FUNCTION = YES;
				GCC_WARN_UNUSED_VARIABLE = YES;
				MTL_ENABLE_DEBUG_INFO = NO;
				MTL_FAST_MATH = YES;
				SWIFT_COMPILATION_MODE = wholemodule;
				SWIFT_OPTIMIZATION_LEVEL = "-O";
				VERSIONING_SYSTEM = "apple-generic";
				VERSION_INFO_PREFIX = "";
			};
			name = Release;
		};
		A32935312978F68D0096D365 /* Debug */ = {
			isa = XCBuildConfiguration;
			baseConfigurationReference = A5B50CAB7C1DD75B096B576E /* Pods-AppleBLEKit.debug.xcconfig */;
			buildSettings = {
				CODE_SIGN_STYLE = Automatic;
				CURRENT_PROJECT_VERSION = 1;
				DEFINES_MODULE = YES;
				DEVELOPMENT_TEAM = 728LBXSHW4;
				DYLIB_COMPATIBILITY_VERSION = 1;
				DYLIB_CURRENT_VERSION = 1;
				DYLIB_INSTALL_NAME_BASE = "@rpath";
				GENERATE_INFOPLIST_FILE = YES;
				INFOPLIST_KEY_NSHumanReadableCopyright = "";
				INSTALL_PATH = "$(LOCAL_LIBRARY_DIR)/Frameworks";
				IPHONEOS_DEPLOYMENT_TARGET = 14.1;
				LD_RUNPATH_SEARCH_PATHS = (
					"@executable_path/Frameworks",
					"@loader_path/Frameworks",
				);
				"LD_RUNPATH_SEARCH_PATHS[sdk=macosx*]" = (
					"@executable_path/../Frameworks",
					"@loader_path/Frameworks",
				);
				MACOSX_DEPLOYMENT_TARGET = 12.0;
				MARKETING_VERSION = 1.0;
				MODULEMAP_FILE = "$(SRCROOT)/AppleBLEKit/AppleBLEKit.modulemap";
				PRODUCT_BUNDLE_IDENTIFIER = tw.farmland.AppleBLEKit;
				PRODUCT_NAME = "$(TARGET_NAME:c99extidentifier)";
				SDKROOT = auto;
				SKIP_INSTALL = YES;
				SUPPORTED_PLATFORMS = "iphoneos iphonesimulator macosx";
				SWIFT_EMIT_LOC_STRINGS = YES;
				SWIFT_VERSION = 5.0;
				TARGETED_DEVICE_FAMILY = "1,2";
			};
			name = Debug;
		};
		A32935322978F68D0096D365 /* Release */ = {
			isa = XCBuildConfiguration;
			baseConfigurationReference = 1E46717CD4F249ACA74C6CE5 /* Pods-AppleBLEKit.release.xcconfig */;
			buildSettings = {
				CODE_SIGN_STYLE = Automatic;
				CURRENT_PROJECT_VERSION = 1;
				DEFINES_MODULE = YES;
				DEVELOPMENT_TEAM = 728LBXSHW4;
				DYLIB_COMPATIBILITY_VERSION = 1;
				DYLIB_CURRENT_VERSION = 1;
				DYLIB_INSTALL_NAME_BASE = "@rpath";
				GENERATE_INFOPLIST_FILE = YES;
				INFOPLIST_KEY_NSHumanReadableCopyright = "";
				INSTALL_PATH = "$(LOCAL_LIBRARY_DIR)/Frameworks";
				IPHONEOS_DEPLOYMENT_TARGET = 14.1;
				LD_RUNPATH_SEARCH_PATHS = (
					"@executable_path/Frameworks",
					"@loader_path/Frameworks",
				);
				"LD_RUNPATH_SEARCH_PATHS[sdk=macosx*]" = (
					"@executable_path/../Frameworks",
					"@loader_path/Frameworks",
				);
				MACOSX_DEPLOYMENT_TARGET = 12.0;
				MARKETING_VERSION = 1.0;
				MODULEMAP_FILE = "$(SRCROOT)/AppleBLEKit/AppleBLEKit.modulemap";
				PRODUCT_BUNDLE_IDENTIFIER = tw.farmland.AppleBLEKit;
				PRODUCT_NAME = "$(TARGET_NAME:c99extidentifier)";
				SDKROOT = auto;
				SKIP_INSTALL = YES;
				SUPPORTED_PLATFORMS = "iphoneos iphonesimulator macosx";
				SWIFT_EMIT_LOC_STRINGS = YES;
				SWIFT_VERSION = 5.0;
				TARGETED_DEVICE_FAMILY = "1,2";
			};
			name = Release;
		};
		A32935342978F68D0096D365 /* Debug */ = {
			isa = XCBuildConfiguration;
			baseConfigurationReference = B535D691ED3FFD72DBCC78EC /* Pods-AppleBLEKit-AppleBLEKitTests.debug.xcconfig */;
			buildSettings = {
				ALWAYS_EMBED_SWIFT_STANDARD_LIBRARIES = YES;
				CODE_SIGN_STYLE = Automatic;
				CURRENT_PROJECT_VERSION = 1;
				DEVELOPMENT_TEAM = 728LBXSHW4;
				GENERATE_INFOPLIST_FILE = YES;
				IPHONEOS_DEPLOYMENT_TARGET = 16.1;
				MACOSX_DEPLOYMENT_TARGET = 13.0;
				MARKETING_VERSION = 1.0;
				PRODUCT_BUNDLE_IDENTIFIER = tw.farmland.AppleBLEKitTests;
				PRODUCT_NAME = "$(TARGET_NAME)";
				SDKROOT = auto;
				SUPPORTED_PLATFORMS = "iphoneos iphonesimulator macosx";
				SWIFT_EMIT_LOC_STRINGS = NO;
				SWIFT_VERSION = 5.0;
				TARGETED_DEVICE_FAMILY = "1,2";
			};
			name = Debug;
		};
		A32935352978F68D0096D365 /* Release */ = {
			isa = XCBuildConfiguration;
			baseConfigurationReference = E669F3A09233563C0452596A /* Pods-AppleBLEKit-AppleBLEKitTests.release.xcconfig */;
			buildSettings = {
				ALWAYS_EMBED_SWIFT_STANDARD_LIBRARIES = YES;
				CODE_SIGN_STYLE = Automatic;
				CURRENT_PROJECT_VERSION = 1;
				DEVELOPMENT_TEAM = 728LBXSHW4;
				GENERATE_INFOPLIST_FILE = YES;
				IPHONEOS_DEPLOYMENT_TARGET = 16.1;
				MACOSX_DEPLOYMENT_TARGET = 13.0;
				MARKETING_VERSION = 1.0;
				PRODUCT_BUNDLE_IDENTIFIER = tw.farmland.AppleBLEKitTests;
				PRODUCT_NAME = "$(TARGET_NAME)";
				SDKROOT = auto;
				SUPPORTED_PLATFORMS = "iphoneos iphonesimulator macosx";
				SWIFT_EMIT_LOC_STRINGS = NO;
				SWIFT_VERSION = 5.0;
				TARGETED_DEVICE_FAMILY = "1,2";
			};
			name = Release;
		};
		A3B8EFE52988DEE1002EB6F2 /* Debug */ = {
			isa = XCBuildConfiguration;
			baseConfigurationReference = A5B50CAB7C1DD75B096B576E /* Pods-AppleBLEKit.debug.xcconfig */;
			buildSettings = {
				CODE_SIGN_STYLE = Automatic;
				CURRENT_PROJECT_VERSION = 1;
				DEFINES_MODULE = YES;
				DEVELOPMENT_TEAM = 728LBXSHW4;
				DYLIB_COMPATIBILITY_VERSION = 1;
				DYLIB_CURRENT_VERSION = 1;
				DYLIB_INSTALL_NAME_BASE = "@rpath";
				GENERATE_INFOPLIST_FILE = YES;
				INFOPLIST_KEY_NSHumanReadableCopyright = "";
				INSTALL_PATH = "$(LOCAL_LIBRARY_DIR)/Frameworks";
				IPHONEOS_DEPLOYMENT_TARGET = 14.1;
				LD_RUNPATH_SEARCH_PATHS = (
					"@executable_path/Frameworks",
					"@loader_path/Frameworks",
				);
				"LD_RUNPATH_SEARCH_PATHS[sdk=macosx*]" = (
					"@executable_path/../Frameworks",
					"@loader_path/Frameworks",
				);
				MACOSX_DEPLOYMENT_TARGET = 12.0;
				MARKETING_VERSION = 1.0;
				MODULEMAP_FILE = "$(SRCROOT)/AppleBLEKit/AppleBLEKit_Simulator.modulemap";
				PRODUCT_BUNDLE_IDENTIFIER = tw.farmland.AppleBLEKit.simulator;
				PRODUCT_NAME = "$(TARGET_NAME)";
				SDKROOT = auto;
				SKIP_INSTALL = YES;
				SUPPORTED_PLATFORMS = "iphoneos iphonesimulator macosx";
				SWIFT_EMIT_LOC_STRINGS = YES;
				SWIFT_VERSION = 5.0;
				TARGETED_DEVICE_FAMILY = "1,2";
			};
			name = Debug;
		};
		A3B8EFE62988DEE1002EB6F2 /* Release */ = {
			isa = XCBuildConfiguration;
			baseConfigurationReference = 1E46717CD4F249ACA74C6CE5 /* Pods-AppleBLEKit.release.xcconfig */;
			buildSettings = {
				CODE_SIGN_STYLE = Automatic;
				CURRENT_PROJECT_VERSION = 1;
				DEFINES_MODULE = YES;
				DEVELOPMENT_TEAM = 728LBXSHW4;
				DYLIB_COMPATIBILITY_VERSION = 1;
				DYLIB_CURRENT_VERSION = 1;
				DYLIB_INSTALL_NAME_BASE = "@rpath";
				GENERATE_INFOPLIST_FILE = YES;
				INFOPLIST_KEY_NSHumanReadableCopyright = "";
				INSTALL_PATH = "$(LOCAL_LIBRARY_DIR)/Frameworks";
				IPHONEOS_DEPLOYMENT_TARGET = 14.1;
				LD_RUNPATH_SEARCH_PATHS = (
					"@executable_path/Frameworks",
					"@loader_path/Frameworks",
				);
				"LD_RUNPATH_SEARCH_PATHS[sdk=macosx*]" = (
					"@executable_path/../Frameworks",
					"@loader_path/Frameworks",
				);
				MACOSX_DEPLOYMENT_TARGET = 12.0;
				MARKETING_VERSION = 1.0;
				MODULEMAP_FILE = "$(SRCROOT)/AppleBLEKit/AppleBLEKit_Simulator.modulemap";
				PRODUCT_BUNDLE_IDENTIFIER = tw.farmland.AppleBLEKit.simulator;
				PRODUCT_NAME = "$(TARGET_NAME)";
				SDKROOT = auto;
				SKIP_INSTALL = YES;
				SUPPORTED_PLATFORMS = "iphoneos iphonesimulator macosx";
				SWIFT_EMIT_LOC_STRINGS = YES;
				SWIFT_VERSION = 5.0;
				TARGETED_DEVICE_FAMILY = "1,2";
			};
			name = Release;
		};
/* End XCBuildConfiguration section */

/* Begin XCConfigurationList section */
		A32935162978F68D0096D365 /* Build configuration list for PBXProject "AppleBLEKit" */ = {
			isa = XCConfigurationList;
			buildConfigurations = (
				A329352E2978F68D0096D365 /* Debug */,
				A329352F2978F68D0096D365 /* Release */,
			);
			defaultConfigurationIsVisible = 0;
			defaultConfigurationName = Release;
		};
		A32935302978F68D0096D365 /* Build configuration list for PBXNativeTarget "AppleBLEKit" */ = {
			isa = XCConfigurationList;
			buildConfigurations = (
				A32935312978F68D0096D365 /* Debug */,
				A32935322978F68D0096D365 /* Release */,
			);
			defaultConfigurationIsVisible = 0;
			defaultConfigurationName = Release;
		};
		A32935332978F68D0096D365 /* Build configuration list for PBXNativeTarget "AppleBLEKitTests" */ = {
			isa = XCConfigurationList;
			buildConfigurations = (
				A32935342978F68D0096D365 /* Debug */,
				A32935352978F68D0096D365 /* Release */,
			);
			defaultConfigurationIsVisible = 0;
			defaultConfigurationName = Release;
		};
		A3B8EFE42988DEE1002EB6F2 /* Build configuration list for PBXNativeTarget "AppleBLEKit_Simulator" */ = {
			isa = XCConfigurationList;
			buildConfigurations = (
				A3B8EFE52988DEE1002EB6F2 /* Debug */,
				A3B8EFE62988DEE1002EB6F2 /* Release */,
			);
			defaultConfigurationIsVisible = 0;
			defaultConfigurationName = Release;
		};
/* End XCConfigurationList section */
	};
	rootObject = A32935132978F68D0096D365 /* Project object */;
}
